// !$*UTF8*$!
{
	archiveVersion = 1;
	classes = {
	};
	objectVersion = 46;
	objects = {

/* Begin PBXBuildFile section */
		75CA1BD61A64EEBF00C802E8 /* AppDelegate.swift in Sources */ = {isa = PBXBuildFile; fileRef = 75CA1BD51A64EEBF00C802E8 /* AppDelegate.swift */; };
		75CA1BDD1A64EEBF00C802E8 /* Images.xcassets in Resources */ = {isa = PBXBuildFile; fileRef = 75CA1BDC1A64EEBF00C802E8 /* Images.xcassets */; };
		75CA1BE01A64EEBF00C802E8 /* LaunchScreen.xib in Resources */ = {isa = PBXBuildFile; fileRef = 75CA1BDE1A64EEBF00C802E8 /* LaunchScreen.xib */; };
		75CA1BEC1A64EEBF00C802E8 /* TipCalculatorTests.swift in Sources */ = {isa = PBXBuildFile; fileRef = 75CA1BEB1A64EEBF00C802E8 /* TipCalculatorTests.swift */; };
		75CA1BF71A64EF3200C802E8 /* SettingsViewController.swift in Sources */ = {isa = PBXBuildFile; fileRef = 75CA1BF51A64EF3200C802E8 /* SettingsViewController.swift */; };
		75CA1BF81A64EF3200C802E8 /* TipViewController.swift in Sources */ = {isa = PBXBuildFile; fileRef = 75CA1BF61A64EF3200C802E8 /* TipViewController.swift */; };
		75CA1BFA1A64EF9600C802E8 /* Main.storyboard in Resources */ = {isa = PBXBuildFile; fileRef = 75CA1BF91A64EF9600C802E8 /* Main.storyboard */; };
		75CA1BFC1A64F84A00C802E8 /* demoTipCalcApp.gif in Resources */ = {isa = PBXBuildFile; fileRef = 75CA1BFB1A64F84A00C802E8 /* demoTipCalcApp.gif */; };
		75CA1BFE1A64F89A00C802E8 /* README.md in Sources */ = {isa = PBXBuildFile; fileRef = 75CA1BFD1A64F89A00C802E8 /* README.md */; };
/* End PBXBuildFile section */

/* Begin PBXContainerItemProxy section */
		75CA1BE61A64EEBF00C802E8 /* PBXContainerItemProxy */ = {
			isa = PBXContainerItemProxy;
			containerPortal = 75CA1BC81A64EEBF00C802E8 /* Project object */;
			proxyType = 1;
			remoteGlobalIDString = 75CA1BCF1A64EEBF00C802E8;
			remoteInfo = TipCalculator;
		};
/* End PBXContainerItemProxy section */

/* Begin PBXFileReference section */
		75CA1BD01A64EEBF00C802E8 /* TipCalculator.app */ = {isa = PBXFileReference; explicitFileType = wrapper.application; includeInIndex = 0; path = TipCalculator.app; sourceTree = BUILT_PRODUCTS_DIR; };
		75CA1BD41A64EEBF00C802E8 /* Info.plist */ = {isa = PBXFileReference; lastKnownFileType = text.plist.xml; path = Info.plist; sourceTree = "<group>"; };
		75CA1BD51A64EEBF00C802E8 /* AppDelegate.swift */ = {isa = PBXFileReference; lastKnownFileType = sourcecode.swift; path = AppDelegate.swift; sourceTree = "<group>"; };
		75CA1BDC1A64EEBF00C802E8 /* Images.xcassets */ = {isa = PBXFileReference; lastKnownFileType = folder.assetcatalog; path = Images.xcassets; sourceTree = "<group>"; };
		75CA1BDF1A64EEBF00C802E8 /* Base */ = {isa = PBXFileReference; lastKnownFileType = file.xib; name = Base; path = Base.lproj/LaunchScreen.xib; sourceTree = "<group>"; };
		75CA1BE51A64EEBF00C802E8 /* TipCalculatorTests.xctest */ = {isa = PBXFileReference; explicitFileType = wrapper.cfbundle; includeInIndex = 0; path = TipCalculatorTests.xctest; sourceTree = BUILT_PRODUCTS_DIR; };
		75CA1BEA1A64EEBF00C802E8 /* Info.plist */ = {isa = PBXFileReference; lastKnownFileType = text.plist.xml; path = Info.plist; sourceTree = "<group>"; };
		75CA1BEB1A64EEBF00C802E8 /* TipCalculatorTests.swift */ = {isa = PBXFileReference; lastKnownFileType = sourcecode.swift; path = TipCalculatorTests.swift; sourceTree = "<group>"; };
		75CA1BF51A64EF3200C802E8 /* SettingsViewController.swift */ = {isa = PBXFileReference; fileEncoding = 4; lastKnownFileType = sourcecode.swift; path = SettingsViewController.swift; sourceTree = "<group>"; };
		75CA1BF61A64EF3200C802E8 /* TipViewController.swift */ = {isa = PBXFileReference; fileEncoding = 4; lastKnownFileType = sourcecode.swift; path = TipViewController.swift; sourceTree = "<group>"; };
		75CA1BF91A64EF9600C802E8 /* Main.storyboard */ = {isa = PBXFileReference; fileEncoding = 4; lastKnownFileType = file.storyboard; path = Main.storyboard; sourceTree = "<group>"; };
		75CA1BFB1A64F84A00C802E8 /* demoTipCalcApp.gif */ = {isa = PBXFileReference; lastKnownFileType = image.gif; path = demoTipCalcApp.gif; sourceTree = "<group>"; };
		75CA1BFD1A64F89A00C802E8 /* README.md */ = {isa = PBXFileReference; fileEncoding = 4; lastKnownFileType = net.daringfireball.markdown; path = README.md; sourceTree = "<group>"; };
/* End PBXFileReference section */

/* Begin PBXFrameworksBuildPhase section */
		75CA1BCD1A64EEBF00C802E8 /* Frameworks */ = {
			isa = PBXFrameworksBuildPhase;
			buildActionMask = 2147483647;
			files = (
			);
			runOnlyForDeploymentPostprocessing = 0;
		};
		75CA1BE21A64EEBF00C802E8 /* Frameworks */ = {
			isa = PBXFrameworksBuildPhase;
			buildActionMask = 2147483647;
			files = (
			);
			runOnlyForDeploymentPostprocessing = 0;
		};
/* End PBXFrameworksBuildPhase section */

/* Begin PBXGroup section */
		75CA1BC71A64EEBF00C802E8 = {
			isa = PBXGroup;
			children = (
				75CA1BFD1A64F89A00C802E8 /* README.md */,
				75CA1BFB1A64F84A00C802E8 /* demoTipCalcApp.gif */,
				75CA1BD21A64EEBF00C802E8 /* TipCalculator */,
				75CA1BE81A64EEBF00C802E8 /* TipCalculatorTests */,
				75CA1BD11A64EEBF00C802E8 /* Products */,
			);
			sourceTree = "<group>";
		};
		75CA1BD11A64EEBF00C802E8 /* Products */ = {
			isa = PBXGroup;
			children = (
				75CA1BD01A64EEBF00C802E8 /* TipCalculator.app */,
				75CA1BE51A64EEBF00C802E8 /* TipCalculatorTests.xctest */,
			);
			name = Products;
			sourceTree = "<group>";
		};
		75CA1BD21A64EEBF00C802E8 /* TipCalculator */ = {
			isa = PBXGroup;
			children = (
				75CA1BF51A64EF3200C802E8 /* SettingsViewController.swift */,
				75CA1BF61A64EF3200C802E8 /* TipViewController.swift */,
				75CA1BD51A64EEBF00C802E8 /* AppDelegate.swift */,
				75CA1BDC1A64EEBF00C802E8 /* Images.xcassets */,
				75CA1BDE1A64EEBF00C802E8 /* LaunchScreen.xib */,
				75CA1BD31A64EEBF00C802E8 /* Supporting Files */,
				75CA1BF91A64EF9600C802E8 /* Main.storyboard */,
			);
			path = TipCalculator;
			sourceTree = "<group>";
		};
		75CA1BD31A64EEBF00C802E8 /* Supporting Files */ = {
			isa = PBXGroup;
			children = (
				75CA1BD41A64EEBF00C802E8 /* Info.plist */,
			);
			name = "Supporting Files";
			sourceTree = "<group>";
		};
		75CA1BE81A64EEBF00C802E8 /* TipCalculatorTests */ = {
			isa = PBXGroup;
			children = (
				75CA1BEB1A64EEBF00C802E8 /* TipCalculatorTests.swift */,
				75CA1BE91A64EEBF00C802E8 /* Supporting Files */,
			);
			path = TipCalculatorTests;
			sourceTree = "<group>";
		};
		75CA1BE91A64EEBF00C802E8 /* Supporting Files */ = {
			isa = PBXGroup;
			children = (
				75CA1BEA1A64EEBF00C802E8 /* Info.plist */,
			);
			name = "Supporting Files";
			sourceTree = "<group>";
		};
/* End PBXGroup section */

/* Begin PBXNativeTarget section */
		75CA1BCF1A64EEBF00C802E8 /* TipCalculator */ = {
			isa = PBXNativeTarget;
			buildConfigurationList = 75CA1BEF1A64EEBF00C802E8 /* Build configuration list for PBXNativeTarget "TipCalculator" */;
			buildPhases = (
				75CA1BCC1A64EEBF00C802E8 /* Sources */,
				75CA1BCD1A64EEBF00C802E8 /* Frameworks */,
				75CA1BCE1A64EEBF00C802E8 /* Resources */,
			);
			buildRules = (
			);
			dependencies = (
			);
			name = TipCalculator;
			productName = TipCalculator;
			productReference = 75CA1BD01A64EEBF00C802E8 /* TipCalculator.app */;
			productType = "com.apple.product-type.application";
		};
		75CA1BE41A64EEBF00C802E8 /* TipCalculatorTests */ = {
			isa = PBXNativeTarget;
			buildConfigurationList = 75CA1BF21A64EEBF00C802E8 /* Build configuration list for PBXNativeTarget "TipCalculatorTests" */;
			buildPhases = (
				75CA1BE11A64EEBF00C802E8 /* Sources */,
				75CA1BE21A64EEBF00C802E8 /* Frameworks */,
				75CA1BE31A64EEBF00C802E8 /* Resources */,
			);
			buildRules = (
			);
			dependencies = (
				75CA1BE71A64EEBF00C802E8 /* PBXTargetDependency */,
			);
			name = TipCalculatorTests;
			productName = TipCalculatorTests;
			productReference = 75CA1BE51A64EEBF00C802E8 /* TipCalculatorTests.xctest */;
			productType = "com.apple.product-type.bundle.unit-test";
		};
/* End PBXNativeTarget section */

/* Begin PBXProject section */
		75CA1BC81A64EEBF00C802E8 /* Project object */ = {
			isa = PBXProject;
			attributes = {
				LastUpgradeCheck = 0610;
				ORGANIZATIONNAME = "County Of Santa Clara";
				TargetAttributes = {
					75CA1BCF1A64EEBF00C802E8 = {
						CreatedOnToolsVersion = 6.1.1;
					};
					75CA1BE41A64EEBF00C802E8 = {
						CreatedOnToolsVersion = 6.1.1;
						TestTargetID = 75CA1BCF1A64EEBF00C802E8;
					};
				};
			};
			buildConfigurationList = 75CA1BCB1A64EEBF00C802E8 /* Build configuration list for PBXProject "TipCalculator" */;
			compatibilityVersion = "Xcode 3.2";
			developmentRegion = English;
			hasScannedForEncodings = 0;
			knownRegions = (
				en,
				Base,
			);
			mainGroup = 75CA1BC71A64EEBF00C802E8;
			productRefGroup = 75CA1BD11A64EEBF00C802E8 /* Products */;
			projectDirPath = "";
			projectRoot = "";
			targets = (
				75CA1BCF1A64EEBF00C802E8 /* TipCalculator */,
				75CA1BE41A64EEBF00C802E8 /* TipCalculatorTests */,
			);
		};
/* End PBXProject section */

/* Begin PBXResourcesBuildPhase section */
		75CA1BCE1A64EEBF00C802E8 /* Resources */ = {
			isa = PBXResourcesBuildPhase;
			buildActionMask = 2147483647;
			files = (
				75CA1BFC1A64F84A00C802E8 /* demoTipCalcApp.gif in Resources */,
				75CA1BFA1A64EF9600C802E8 /* Main.storyboard in Resources */,
				75CA1BE01A64EEBF00C802E8 /* LaunchScreen.xib in Resources */,
				75CA1BDD1A64EEBF00C802E8 /* Images.xcassets in Resources */,
			);
			runOnlyForDeploymentPostprocessing = 0;
		};
		75CA1BE31A64EEBF00C802E8 /* Resources */ = {
			isa = PBXResourcesBuildPhase;
			buildActionMask = 2147483647;
			files = (
			);
			runOnlyForDeploymentPostprocessing = 0;
		};
/* End PBXResourcesBuildPhase section */

/* Begin PBXSourcesBuildPhase section */
		75CA1BCC1A64EEBF00C802E8 /* Sources */ = {
			isa = PBXSourcesBuildPhase;
			buildActionMask = 2147483647;
			files = (
				75CA1BD61A64EEBF00C802E8 /* AppDelegate.swift in Sources */,
				75CA1BF81A64EF3200C802E8 /* TipViewController.swift in Sources */,
				75CA1BFE1A64F89A00C802E8 /* README.md in Sources */,
				75CA1BF71A64EF3200C802E8 /* SettingsViewController.swift in Sources */,
			);
			runOnlyForDeploymentPostprocessing = 0;
		};
		75CA1BE11A64EEBF00C802E8 /* Sources */ = {
			isa = PBXSourcesBuildPhase;
			buildActionMask = 2147483647;
			files = (
				75CA1BEC1A64EEBF00C802E8 /* TipCalculatorTests.swift in Sources */,
			);
			runOnlyForDeploymentPostprocessing = 0;
		};
/* End PBXSourcesBuildPhase section */

/* Begin PBXTargetDependency section */
		75CA1BE71A64EEBF00C802E8 /* PBXTargetDependency */ = {
			isa = PBXTargetDependency;
			target = 75CA1BCF1A64EEBF00C802E8 /* TipCalculator */;
			targetProxy = 75CA1BE61A64EEBF00C802E8 /* PBXContainerItemProxy */;
		};
/* End PBXTargetDependency section */

/* Begin PBXVariantGroup section */
		75CA1BDE1A64EEBF00C802E8 /* LaunchScreen.xib */ = {
			isa = PBXVariantGroup;
			children = (
				75CA1BDF1A64EEBF00C802E8 /* Base */,
			);
			name = LaunchScreen.xib;
			sourceTree = "<group>";
		};
/* End PBXVariantGroup section */

/* Begin XCBuildConfiguration section */
		75CA1BED1A64EEBF00C802E8 /* Debug */ = {
			isa = XCBuildConfiguration;
			buildSettings = {
				ALWAYS_SEARCH_USER_PATHS = NO;
				CLANG_CXX_LANGUAGE_STANDARD = "gnu++0x";
				CLANG_CXX_LIBRARY = "libc++";
				CLANG_ENABLE_MODULES = YES;
				CLANG_ENABLE_OBJC_ARC = YES;
				CLANG_WARN_BOOL_CONVERSION = YES;
				CLANG_WARN_CONSTANT_CONVERSION = YES;
				CLANG_WARN_DIRECT_OBJC_ISA_USAGE = YES_ERROR;
				CLANG_WARN_EMPTY_BODY = YES;
				CLANG_WARN_ENUM_CONVERSION = YES;
				CLANG_WARN_INT_CONVERSION = YES;
				CLANG_WARN_OBJC_ROOT_CLASS = YES_ERROR;
				CLANG_WARN_UNREACHABLE_CODE = YES;
				CLANG_WARN__DUPLICATE_METHOD_MATCH = YES;
				"CODE_SIGN_IDENTITY[sdk=iphoneos*]" = "iPhone Developer";
				COPY_PHASE_STRIP = NO;
				ENABLE_STRICT_OBJC_MSGSEND = YES;
				GCC_C_LANGUAGE_STANDARD = gnu99;
				GCC_DYNAMIC_NO_PIC = NO;
				GCC_OPTIMIZATION_LEVEL = 0;
				GCC_PREPROCESSOR_DEFINITIONS = (
					"DEBUG=1",
					"$(inherited)",
				);
				GCC_SYMBOLS_PRIVATE_EXTERN = NO;
				GCC_WARN_64_TO_32_BIT_CONVERSION = YES;
				GCC_WARN_ABOUT_RETURN_TYPE = YES_ERROR;
				GCC_WARN_UNDECLARED_SELECTOR = YES;
				GCC_WARN_UNINITIALIZED_AUTOS = YES_AGGRESSIVE;
				GCC_WARN_UNUSED_FUNCTION = YES;
				GCC_WARN_UNUSED_VARIABLE = YES;
				IPHONEOS_DEPLOYMENT_TARGET = 8.1;
				MTL_ENABLE_DEBUG_INFO = YES;
				ONLY_ACTIVE_ARCH = YES;
				SDKROOT = iphoneos;
				SWIFT_OPTIMIZATION_LEVEL = "-Onone";
			};
			name = Debug;
		};
		75CA1BEE1A64EEBF00C802E8 /* Release */ = {
			isa = XCBuildConfiguration;
			buildSettings = {
				ALWAYS_SEARCH_USER_PATHS = NO;
				CLANG_CXX_LANGUAGE_STANDARD = "gnu++0x";
				CLANG_CXX_LIBRARY = "libc++";
				CLANG_ENABLE_MODULES = YES;
				CLANG_ENABLE_OBJC_ARC = YES;
				CLANG_WARN_BOOL_CONVERSION = YES;
				CLANG_WARN_CONSTANT_CONVERSION = YES;
				CLANG_WARN_DIRECT_OBJC_ISA_USAGE = YES_ERROR;
				CLANG_WARN_EMPTY_BODY = YES;
				CLANG_WARN_ENUM_CONVERSION = YES;
				CLANG_WARN_INT_CONVERSION = YES;
				CLANG_WARN_OBJC_ROOT_CLASS = YES_ERROR;
				CLANG_WARN_UNREACHABLE_CODE = YES;
				CLANG_WARN__DUPLICATE_METHOD_MATCH = YES;
				"CODE_SIGN_IDENTITY[sdk=iphoneos*]" = "iPhone Developer";
				COPY_PHASE_STRIP = YES;
				ENABLE_NS_ASSERTIONS = NO;
				ENABLE_STRICT_OBJC_MSGSEND = YES;
				GCC_C_LANGUAGE_STANDARD = gnu99;
				GCC_WARN_64_TO_32_BIT_CONVERSION = YES;
				GCC_WARN_ABOUT_RETURN_TYPE = YES_ERROR;
				GCC_WARN_UNDECLARED_SELECTOR = YES;
				GCC_WARN_UNINITIALIZED_AUTOS = YES_AGGRESSIVE;
				GCC_WARN_UNUSED_FUNCTION = YES;
				GCC_WARN_UNUSED_VARIABLE = YES;
				IPHONEOS_DEPLOYMENT_TARGET = 8.1;
				MTL_ENABLE_DEBUG_INFO = NO;
				SDKROOT = iphoneos;
				VALIDATE_PRODUCT = YES;
			};
			name = Release;
		};
		75CA1BF01A64EEBF00C802E8 /* Debug */ = {
			isa = XCBuildConfiguration;
			buildSettings = {
				ASSETCATALOG_COMPILER_APPICON_NAME = AppIcon;
				INFOPLIST_FILE = TipCalculator/Info.plist;
				IPHONEOS_DEPLOYMENT_TARGET = 7.0;
				LD_RUNPATH_SEARCH_PATHS = "$(inherited) @executable_path/Frameworks";
				PRODUCT_NAME = "$(TARGET_NAME)";
			};
			name = Debug;
		};
		75CA1BF11A64EEBF00C802E8 /* Release */ = {
			isa = XCBuildConfiguration;
			buildSettings = {
				ASSETCATALOG_COMPILER_APPICON_NAME = AppIcon;
				INFOPLIST_FILE = TipCalculator/Info.plist;
				IPHONEOS_DEPLOYMENT_TARGET = 7.0;
				LD_RUNPATH_SEARCH_PATHS = "$(inherited) @executable_path/Frameworks";
				PRODUCT_NAME = "$(TARGET_NAME)";
			};
			name = Release;
		};
		75CA1BF31A64EEBF00C802E8 /* Debug */ = {
			isa = XCBuildConfiguration;
			buildSettings = {
				BUNDLE_LOADER = "$(TEST_HOST)";
				FRAMEWORK_SEARCH_PATHS = (
					"$(SDKROOT)/Developer/Library/Frameworks",
					"$(inherited)",
				);
				GCC_PREPROCESSOR_DEFINITIONS = (
					"DEBUG=1",
					"$(inherited)",
				);
				INFOPLIST_FILE = TipCalculatorTests/Info.plist;
				LD_RUNPATH_SEARCH_PATHS = "$(inherited) @executable_path/Frameworks @loader_path/Frameworks";
				PRODUCT_NAME = "$(TARGET_NAME)";
				TEST_HOST = "$(BUILT_PRODUCTS_DIR)/TipCalculator.app/TipCalculator";
			};
			name = Debug;
		};
		75CA1BF41A64EEBF00C802E8 /* Release */ = {
			isa = XCBuildConfiguration;
			buildSettings = {
				BUNDLE_LOADER = "$(TEST_HOST)";
				FRAMEWORK_SEARCH_PATHS = (
					"$(SDKROOT)/Developer/Library/Frameworks",
					"$(inherited)",
				);
				INFOPLIST_FILE = TipCalculatorTests/Info.plist;
				LD_RUNPATH_SEARCH_PATHS = "$(inherited) @executable_path/Frameworks @loader_path/Frameworks";
				PRODUCT_NAME = "$(TARGET_NAME)";
				TEST_HOST = "$(BUILT_PRODUCTS_DIR)/TipCalculator.app/TipCalculator";
			};
			name = Release;
		};
/* End XCBuildConfiguration section */

/* Begin XCConfigurationList section */
		75CA1BCB1A64EEBF00C802E8 /* Build configuration list for PBXProject "TipCalculator" */ = {
			isa = XCConfigurationList;
			buildConfigurations = (
				75CA1BED1A64EEBF00C802E8 /* Debug */,
				75CA1BEE1A64EEBF00C802E8 /* Release */,
			);
			defaultConfigurationIsVisible = 0;
			defaultConfigurationName = Release;
		};
		75CA1BEF1A64EEBF00C802E8 /* Build configuration list for PBXNativeTarget "TipCalculator" */ = {
			isa = XCConfigurationList;
			buildConfigurations = (
				75CA1BF01A64EEBF00C802E8 /* Debug */,
				75CA1BF11A64EEBF00C802E8 /* Release */,
			);
			defaultConfigurationIsVisible = 0;
		};
		75CA1BF21A64EEBF00C802E8 /* Build configuration list for PBXNativeTarget "TipCalculatorTests" */ = {
			isa = XCConfigurationList;
			buildConfigurations = (
				75CA1BF31A64EEBF00C802E8 /* Debug */,
				75CA1BF41A64EEBF00C802E8 /* Release */,
			);
			defaultConfigurationIsVisible = 0;
		};
/* End XCConfigurationList section */
	};
	rootObject = 75CA1BC81A64EEBF00C802E8 /* Project object */;
}
